// !$*UTF8*$!
{
	archiveVersion = 1;
	classes = {
	};
	objectVersion = 48;
	objects = {

/* Begin PBXBuildFile section */
		AB0704791F6B092100A95075 /* DateFieldTextField.m in Sources */ = {isa = PBXBuildFile; fileRef = AB0704781F6B092100A95075 /* DateFieldTextField.m */; };
		AB07047F1F6B146300A95075 /* DateTextFieldCell.m in Sources */ = {isa = PBXBuildFile; fileRef = AB07047E1F6B146300A95075 /* DateTextFieldCell.m */; };
		AB0704831F6B2C4100A95075 /* NSDateTools.m in Sources */ = {isa = PBXBuildFile; fileRef = AB0704821F6B2C4100A95075 /* NSDateTools.m */; };
		AB0704871F6B2FBD00A95075 /* ChangeProgressController.m in Sources */ = {isa = PBXBuildFile; fileRef = AB0704861F6B2FBD00A95075 /* ChangeProgressController.m */; };
		AB7891E71F6ABFA800010AC6 /* TextFieldCell.m in Sources */ = {isa = PBXBuildFile; fileRef = AB7891E61F6ABFA800010AC6 /* TextFieldCell.m */; };
		AB956E341F6AA9B100A8CB86 /* AppDelegate.m in Sources */ = {isa = PBXBuildFile; fileRef = AB956E331F6AA9B100A8CB86 /* AppDelegate.m */; };
		AB956E371F6AA9B100A8CB86 /* ViewController.m in Sources */ = {isa = PBXBuildFile; fileRef = AB956E361F6AA9B100A8CB86 /* ViewController.m */; };
		AB956E3A1F6AA9B100A8CB86 /* Main.storyboard in Resources */ = {isa = PBXBuildFile; fileRef = AB956E381F6AA9B100A8CB86 /* Main.storyboard */; };
		AB956E3D1F6AA9B100A8CB86 /* MyTasks.xcdatamodeld in Sources */ = {isa = PBXBuildFile; fileRef = AB956E3B1F6AA9B100A8CB86 /* MyTasks.xcdatamodeld */; };
		AB956E3F1F6AA9B100A8CB86 /* Assets.xcassets in Resources */ = {isa = PBXBuildFile; fileRef = AB956E3E1F6AA9B100A8CB86 /* Assets.xcassets */; };
		AB956E421F6AA9B100A8CB86 /* LaunchScreen.storyboard in Resources */ = {isa = PBXBuildFile; fileRef = AB956E401F6AA9B100A8CB86 /* LaunchScreen.storyboard */; };
		AB956E451F6AA9B100A8CB86 /* main.m in Sources */ = {isa = PBXBuildFile; fileRef = AB956E441F6AA9B100A8CB86 /* main.m */; };
		ABB972D81F6C6F4000C4EAA7 /* TasksList+CoreDataClass.m in Sources */ = {isa = PBXBuildFile; fileRef = ABB972D51F6C6F4000C4EAA7 /* TasksList+CoreDataClass.m */; };
		ABB972E51F6D4E5500C4EAA7 /* TasksList+CoreDataProperties.m in Sources */ = {isa = PBXBuildFile; fileRef = ABB972E31F6D4E5400C4EAA7 /* TasksList+CoreDataProperties.m */; };
		ABB972F91F6DC1F000C4EAA7 /* TaskCell.m in Sources */ = {isa = PBXBuildFile; fileRef = ABB972F81F6DC1F000C4EAA7 /* TaskCell.m */; };
		ABB972FE1F6DD72900C4EAA7 /* Localizable.strings in Resources */ = {isa = PBXBuildFile; fileRef = ABB973001F6DD72900C4EAA7 /* Localizable.strings */; };
		ABDA29201F6AB10E00643984 /* CoreDataManager.m in Sources */ = {isa = PBXBuildFile; fileRef = ABDA291F1F6AB10E00643984 /* CoreDataManager.m */; };
		ABDA29291F6ABAAA00643984 /* AddEditTaskVC.m in Sources */ = {isa = PBXBuildFile; fileRef = ABDA29281F6ABAAA00643984 /* AddEditTaskVC.m */; };
/* End PBXBuildFile section */

/* Begin PBXFileReference section */
		AB0704771F6B092100A95075 /* DateFieldTextField.h */ = {isa = PBXFileReference; lastKnownFileType = sourcecode.c.h; path = DateFieldTextField.h; sourceTree = "<group>"; };
		AB0704781F6B092100A95075 /* DateFieldTextField.m */ = {isa = PBXFileReference; lastKnownFileType = sourcecode.c.objc; path = DateFieldTextField.m; sourceTree = "<group>"; };
		AB07047D1F6B146200A95075 /* DateTextFieldCell.h */ = {isa = PBXFileReference; lastKnownFileType = sourcecode.c.h; path = DateTextFieldCell.h; sourceTree = "<group>"; };
		AB07047E1F6B146300A95075 /* DateTextFieldCell.m */ = {isa = PBXFileReference; lastKnownFileType = sourcecode.c.objc; path = DateTextFieldCell.m; sourceTree = "<group>"; };
		AB0704811F6B2C4100A95075 /* NSDateTools.h */ = {isa = PBXFileReference; lastKnownFileType = sourcecode.c.h; path = NSDateTools.h; sourceTree = "<group>"; };
		AB0704821F6B2C4100A95075 /* NSDateTools.m */ = {isa = PBXFileReference; lastKnownFileType = sourcecode.c.objc; path = NSDateTools.m; sourceTree = "<group>"; };
		AB0704851F6B2FBD00A95075 /* ChangeProgressController.h */ = {isa = PBXFileReference; lastKnownFileType = sourcecode.c.h; path = ChangeProgressController.h; sourceTree = "<group>"; };
		AB0704861F6B2FBD00A95075 /* ChangeProgressController.m */ = {isa = PBXFileReference; lastKnownFileType = sourcecode.c.objc; path = ChangeProgressController.m; sourceTree = "<group>"; };
		AB7891E51F6ABFA800010AC6 /* TextFieldCell.h */ = {isa = PBXFileReference; lastKnownFileType = sourcecode.c.h; path = TextFieldCell.h; sourceTree = "<group>"; };
		AB7891E61F6ABFA800010AC6 /* TextFieldCell.m */ = {isa = PBXFileReference; lastKnownFileType = sourcecode.c.objc; path = TextFieldCell.m; sourceTree = "<group>"; };
		AB956E2F1F6AA9B100A8CB86 /* MyTasks.app */ = {isa = PBXFileReference; explicitFileType = wrapper.application; includeInIndex = 0; path = MyTasks.app; sourceTree = BUILT_PRODUCTS_DIR; };
		AB956E321F6AA9B100A8CB86 /* AppDelegate.h */ = {isa = PBXFileReference; lastKnownFileType = sourcecode.c.h; path = AppDelegate.h; sourceTree = "<group>"; };
		AB956E331F6AA9B100A8CB86 /* AppDelegate.m */ = {isa = PBXFileReference; lastKnownFileType = sourcecode.c.objc; path = AppDelegate.m; sourceTree = "<group>"; };
		AB956E351F6AA9B100A8CB86 /* ViewController.h */ = {isa = PBXFileReference; lastKnownFileType = sourcecode.c.h; path = ViewController.h; sourceTree = "<group>"; };
		AB956E361F6AA9B100A8CB86 /* ViewController.m */ = {isa = PBXFileReference; lastKnownFileType = sourcecode.c.objc; path = ViewController.m; sourceTree = "<group>"; };
		AB956E391F6AA9B100A8CB86 /* Base */ = {isa = PBXFileReference; lastKnownFileType = file.storyboard; name = Base; path = Base.lproj/Main.storyboard; sourceTree = "<group>"; };
		AB956E3C1F6AA9B100A8CB86 /* MyTasks.xcdatamodel */ = {isa = PBXFileReference; lastKnownFileType = wrapper.xcdatamodel; path = MyTasks.xcdatamodel; sourceTree = "<group>"; };
		AB956E3E1F6AA9B100A8CB86 /* Assets.xcassets */ = {isa = PBXFileReference; lastKnownFileType = folder.assetcatalog; path = Assets.xcassets; sourceTree = "<group>"; };
		AB956E411F6AA9B100A8CB86 /* Base */ = {isa = PBXFileReference; lastKnownFileType = file.storyboard; name = Base; path = Base.lproj/LaunchScreen.storyboard; sourceTree = "<group>"; };
		AB956E431F6AA9B100A8CB86 /* Info.plist */ = {isa = PBXFileReference; lastKnownFileType = text.plist.xml; path = Info.plist; sourceTree = "<group>"; };
		AB956E441F6AA9B100A8CB86 /* main.m */ = {isa = PBXFileReference; lastKnownFileType = sourcecode.c.objc; path = main.m; sourceTree = "<group>"; };
		ABB972D41F6C6F4000C4EAA7 /* TasksList+CoreDataClass.h */ = {isa = PBXFileReference; lastKnownFileType = sourcecode.c.h; path = "TasksList+CoreDataClass.h"; sourceTree = "<group>"; };
		ABB972D51F6C6F4000C4EAA7 /* TasksList+CoreDataClass.m */ = {isa = PBXFileReference; lastKnownFileType = sourcecode.c.objc; path = "TasksList+CoreDataClass.m"; sourceTree = "<group>"; };
		ABB972E21F6D4E5400C4EAA7 /* TasksList+CoreDataProperties.h */ = {isa = PBXFileReference; lastKnownFileType = sourcecode.c.h; path = "TasksList+CoreDataProperties.h"; sourceTree = "<group>"; };
		ABB972E31F6D4E5400C4EAA7 /* TasksList+CoreDataProperties.m */ = {isa = PBXFileReference; lastKnownFileType = sourcecode.c.objc; path = "TasksList+CoreDataProperties.m"; sourceTree = "<group>"; };
		ABB972F71F6DC1F000C4EAA7 /* TaskCell.h */ = {isa = PBXFileReference; lastKnownFileType = sourcecode.c.h; path = TaskCell.h; sourceTree = "<group>"; };
		ABB972F81F6DC1F000C4EAA7 /* TaskCell.m */ = {isa = PBXFileReference; lastKnownFileType = sourcecode.c.objc; path = TaskCell.m; sourceTree = "<group>"; };
		ABB972FF1F6DD72900C4EAA7 /* en */ = {isa = PBXFileReference; lastKnownFileType = text.plist.strings; name = en; path = en.lproj/Localizable.strings; sourceTree = "<group>"; };
		ABB973011F6DD73600C4EAA7 /* ru */ = {isa = PBXFileReference; lastKnownFileType = text.plist.strings; name = ru; path = ru.lproj/Localizable.strings; sourceTree = "<group>"; };
		ABDA291E1F6AB10E00643984 /* CoreDataManager.h */ = {isa = PBXFileReference; lastKnownFileType = sourcecode.c.h; path = CoreDataManager.h; sourceTree = "<group>"; };
		ABDA291F1F6AB10E00643984 /* CoreDataManager.m */ = {isa = PBXFileReference; lastKnownFileType = sourcecode.c.objc; path = CoreDataManager.m; sourceTree = "<group>"; };
		ABDA29271F6ABAAA00643984 /* AddEditTaskVC.h */ = {isa = PBXFileReference; lastKnownFileType = sourcecode.c.h; path = AddEditTaskVC.h; sourceTree = "<group>"; };
		ABDA29281F6ABAAA00643984 /* AddEditTaskVC.m */ = {isa = PBXFileReference; lastKnownFileType = sourcecode.c.objc; path = AddEditTaskVC.m; sourceTree = "<group>"; };
/* End PBXFileReference section */

/* Begin PBXFrameworksBuildPhase section */
		AB956E2C1F6AA9B100A8CB86 /* Frameworks */ = {
			isa = PBXFrameworksBuildPhase;
			buildActionMask = 2147483647;
			files = (
			);
			runOnlyForDeploymentPostprocessing = 0;
		};
/* End PBXFrameworksBuildPhase section */

/* Begin PBXGroup section */
		AB0704731F6B085400A95075 /* Cells */ = {
			isa = PBXGroup;
			children = (
				ABB972F71F6DC1F000C4EAA7 /* TaskCell.h */,
				ABB972F81F6DC1F000C4EAA7 /* TaskCell.m */,
				AB7891E51F6ABFA800010AC6 /* TextFieldCell.h */,
				AB7891E61F6ABFA800010AC6 /* TextFieldCell.m */,
				AB07047D1F6B146200A95075 /* DateTextFieldCell.h */,
				AB07047E1F6B146300A95075 /* DateTextFieldCell.m */,
			);
			path = Cells;
			sourceTree = "<group>";
		};
		AB0704801F6B245300A95075 /* TextFieldAddition */ = {
			isa = PBXGroup;
			children = (
				AB0704771F6B092100A95075 /* DateFieldTextField.h */,
				AB0704781F6B092100A95075 /* DateFieldTextField.m */,
			);
			path = TextFieldAddition;
			sourceTree = "<group>";
		};
		AB0704841F6B2FA900A95075 /* Tools */ = {
			isa = PBXGroup;
			children = (
				AB0704811F6B2C4100A95075 /* NSDateTools.h */,
				AB0704821F6B2C4100A95075 /* NSDateTools.m */,
			);
			path = Tools;
			sourceTree = "<group>";
		};
		AB956E261F6AA9B100A8CB86 = {
			isa = PBXGroup;
			children = (
				AB956E311F6AA9B100A8CB86 /* MyTasks */,
				AB956E301F6AA9B100A8CB86 /* Products */,
			);
			sourceTree = "<group>";
		};
		AB956E301F6AA9B100A8CB86 /* Products */ = {
			isa = PBXGroup;
			children = (
				AB956E2F1F6AA9B100A8CB86 /* MyTasks.app */,
			);
			name = Products;
			sourceTree = "<group>";
		};
		AB956E311F6AA9B100A8CB86 /* MyTasks */ = {
			isa = PBXGroup;
			children = (
				AB956E321F6AA9B100A8CB86 /* AppDelegate.h */,
				AB956E331F6AA9B100A8CB86 /* AppDelegate.m */,
				ABB972D31F6C6C2200C4EAA7 /* Controllers */,
				ABDA291D1F6AB09000643984 /* CoreData */,
				AB0704731F6B085400A95075 /* Cells */,
				AB0704801F6B245300A95075 /* TextFieldAddition */,
				AB0704841F6B2FA900A95075 /* Tools */,
				AB956E381F6AA9B100A8CB86 /* Main.storyboard */,
				ABB973001F6DD72900C4EAA7 /* Localizable.strings */,
				AB956E3E1F6AA9B100A8CB86 /* Assets.xcassets */,
				AB956E401F6AA9B100A8CB86 /* LaunchScreen.storyboard */,
				AB956E431F6AA9B100A8CB86 /* Info.plist */,
				AB956E441F6AA9B100A8CB86 /* main.m */,
			);
			path = MyTasks;
			sourceTree = "<group>";
		};
		ABB972D31F6C6C2200C4EAA7 /* Controllers */ = {
			isa = PBXGroup;
			children = (
				AB956E351F6AA9B100A8CB86 /* ViewController.h */,
				AB956E361F6AA9B100A8CB86 /* ViewController.m */,
				ABDA29271F6ABAAA00643984 /* AddEditTaskVC.h */,
				ABDA29281F6ABAAA00643984 /* AddEditTaskVC.m */,
				AB0704851F6B2FBD00A95075 /* ChangeProgressController.h */,
				AB0704861F6B2FBD00A95075 /* ChangeProgressController.m */,
			);
			path = Controllers;
			sourceTree = "<group>";
		};
		ABDA291D1F6AB09000643984 /* CoreData */ = {
			isa = PBXGroup;
			children = (
				ABB972D41F6C6F4000C4EAA7 /* TasksList+CoreDataClass.h */,
				ABB972D51F6C6F4000C4EAA7 /* TasksList+CoreDataClass.m */,
				ABB972E21F6D4E5400C4EAA7 /* TasksList+CoreDataProperties.h */,
				ABB972E31F6D4E5400C4EAA7 /* TasksList+CoreDataProperties.m */,
				ABDA291E1F6AB10E00643984 /* CoreDataManager.h */,
				ABDA291F1F6AB10E00643984 /* CoreDataManager.m */,
				AB956E3B1F6AA9B100A8CB86 /* MyTasks.xcdatamodeld */,
			);
			path = CoreData;
			sourceTree = "<group>";
		};
/* End PBXGroup section */

/* Begin PBXNativeTarget section */
		AB956E2E1F6AA9B100A8CB86 /* MyTasks */ = {
			isa = PBXNativeTarget;
			buildConfigurationList = AB956E481F6AA9B100A8CB86 /* Build configuration list for PBXNativeTarget "MyTasks" */;
			buildPhases = (
				AB956E2B1F6AA9B100A8CB86 /* Sources */,
				AB956E2C1F6AA9B100A8CB86 /* Frameworks */,
				AB956E2D1F6AA9B100A8CB86 /* Resources */,
			);
			buildRules = (
			);
			dependencies = (
			);
			name = MyTasks;
			productName = MyTasks;
			productReference = AB956E2F1F6AA9B100A8CB86 /* MyTasks.app */;
			productType = "com.apple.product-type.application";
		};
/* End PBXNativeTarget section */

/* Begin PBXProject section */
		AB956E271F6AA9B100A8CB86 /* Project object */ = {
			isa = PBXProject;
			attributes = {
				LastUpgradeCheck = 0900;
				ORGANIZATIONNAME = "Stas Parechyn";
				TargetAttributes = {
					AB956E2E1F6AA9B100A8CB86 = {
						CreatedOnToolsVersion = 9.0;
						ProvisioningStyle = Automatic;
					};
				};
			};
			buildConfigurationList = AB956E2A1F6AA9B100A8CB86 /* Build configuration list for PBXProject "MyTasks" */;
			compatibilityVersion = "Xcode 8.0";
			developmentRegion = en;
			hasScannedForEncodings = 0;
			knownRegions = (
				en,
				Base,
				ru,
			);
			mainGroup = AB956E261F6AA9B100A8CB86;
			productRefGroup = AB956E301F6AA9B100A8CB86 /* Products */;
			projectDirPath = "";
			projectRoot = "";
			targets = (
				AB956E2E1F6AA9B100A8CB86 /* MyTasks */,
			);
		};
/* End PBXProject section */

/* Begin PBXResourcesBuildPhase section */
		AB956E2D1F6AA9B100A8CB86 /* Resources */ = {
			isa = PBXResourcesBuildPhase;
			buildActionMask = 2147483647;
			files = (
				AB956E421F6AA9B100A8CB86 /* LaunchScreen.storyboard in Resources */,
				ABB972FE1F6DD72900C4EAA7 /* Localizable.strings in Resources */,
				AB956E3F1F6AA9B100A8CB86 /* Assets.xcassets in Resources */,
				AB956E3A1F6AA9B100A8CB86 /* Main.storyboard in Resources */,
			);
			runOnlyForDeploymentPostprocessing = 0;
		};
/* End PBXResourcesBuildPhase section */

/* Begin PBXSourcesBuildPhase section */
		AB956E2B1F6AA9B100A8CB86 /* Sources */ = {
			isa = PBXSourcesBuildPhase;
			buildActionMask = 2147483647;
			files = (
				AB0704791F6B092100A95075 /* DateFieldTextField.m in Sources */,
				ABDA29201F6AB10E00643984 /* CoreDataManager.m in Sources */,
				AB956E371F6AA9B100A8CB86 /* ViewController.m in Sources */,
				AB956E3D1F6AA9B100A8CB86 /* MyTasks.xcdatamodeld in Sources */,
				AB07047F1F6B146300A95075 /* DateTextFieldCell.m in Sources */,
				ABB972E51F6D4E5500C4EAA7 /* TasksList+CoreDataProperties.m in Sources */,
				ABDA29291F6ABAAA00643984 /* AddEditTaskVC.m in Sources */,
				AB0704871F6B2FBD00A95075 /* ChangeProgressController.m in Sources */,
				ABB972D81F6C6F4000C4EAA7 /* TasksList+CoreDataClass.m in Sources */,
				AB0704831F6B2C4100A95075 /* NSDateTools.m in Sources */,
				AB7891E71F6ABFA800010AC6 /* TextFieldCell.m in Sources */,
				ABB972F91F6DC1F000C4EAA7 /* TaskCell.m in Sources */,
				AB956E451F6AA9B100A8CB86 /* main.m in Sources */,
				AB956E341F6AA9B100A8CB86 /* AppDelegate.m in Sources */,
			);
			runOnlyForDeploymentPostprocessing = 0;
		};
/* End PBXSourcesBuildPhase section */

/* Begin PBXVariantGroup section */
		AB956E381F6AA9B100A8CB86 /* Main.storyboard */ = {
			isa = PBXVariantGroup;
			children = (
				AB956E391F6AA9B100A8CB86 /* Base */,
			);
			name = Main.storyboard;
			sourceTree = "<group>";
		};
		AB956E401F6AA9B100A8CB86 /* LaunchScreen.storyboard */ = {
			isa = PBXVariantGroup;
			children = (
				AB956E411F6AA9B100A8CB86 /* Base */,
			);
			name = LaunchScreen.storyboard;
			sourceTree = "<group>";
		};
		ABB973001F6DD72900C4EAA7 /* Localizable.strings */ = {
			isa = PBXVariantGroup;
			children = (
				ABB972FF1F6DD72900C4EAA7 /* en */,
				ABB973011F6DD73600C4EAA7 /* ru */,
			);
			name = Localizable.strings;
			sourceTree = "<group>";
		};
/* End PBXVariantGroup section */

/* Begin XCBuildConfiguration section */
		AB956E461F6AA9B100A8CB86 /* Debug */ = {
			isa = XCBuildConfiguration;
			buildSettings = {
				ALWAYS_SEARCH_USER_PATHS = NO;
				CLANG_ANALYZER_LOCALIZABILITY_NONLOCALIZED = YES;
				CLANG_ANALYZER_NONNULL = YES;
				CLANG_ANALYZER_NUMBER_OBJECT_CONVERSION = YES_AGGRESSIVE;
				CLANG_CXX_LANGUAGE_STANDARD = "gnu++14";
				CLANG_CXX_LIBRARY = "libc++";
				CLANG_ENABLE_MODULES = YES;
				CLANG_ENABLE_OBJC_ARC = YES;
				CLANG_WARN_BLOCK_CAPTURE_AUTORELEASING = YES;
				CLANG_WARN_BOOL_CONVERSION = YES;
				CLANG_WARN_COMMA = YES;
				CLANG_WARN_CONSTANT_CONVERSION = YES;
				CLANG_WARN_DIRECT_OBJC_ISA_USAGE = YES_ERROR;
				CLANG_WARN_DOCUMENTATION_COMMENTS = YES;
				CLANG_WARN_EMPTY_BODY = YES;
				CLANG_WARN_ENUM_CONVERSION = YES;
				CLANG_WARN_INFINITE_RECURSION = YES;
				CLANG_WARN_INT_CONVERSION = YES;
				CLANG_WARN_NON_LITERAL_NULL_CONVERSION = YES;
				CLANG_WARN_OBJC_LITERAL_CONVERSION = YES;
				CLANG_WARN_OBJC_ROOT_CLASS = YES_ERROR;
				CLANG_WARN_RANGE_LOOP_ANALYSIS = YES;
				CLANG_WARN_STRICT_PROTOTYPES = YES;
				CLANG_WARN_SUSPICIOUS_MOVE = YES;
				CLANG_WARN_UNGUARDED_AVAILABILITY = YES_AGGRESSIVE;
				CLANG_WARN_UNREACHABLE_CODE = YES;
				CLANG_WARN__DUPLICATE_METHOD_MATCH = YES;
				CODE_SIGN_IDENTITY = "iPhone Developer";
				COPY_PHASE_STRIP = NO;
				DEBUG_INFORMATION_FORMAT = dwarf;
				ENABLE_STRICT_OBJC_MSGSEND = YES;
				ENABLE_TESTABILITY = YES;
				GCC_C_LANGUAGE_STANDARD = gnu11;
				GCC_DYNAMIC_NO_PIC = NO;
				GCC_NO_COMMON_BLOCKS = YES;
				GCC_OPTIMIZATION_LEVEL = 0;
				GCC_PREPROCESSOR_DEFINITIONS = (
					"DEBUG=1",
					"$(inherited)",
				);
				GCC_WARN_64_TO_32_BIT_CONVERSION = YES;
				GCC_WARN_ABOUT_RETURN_TYPE = YES_ERROR;
				GCC_WARN_UNDECLARED_SELECTOR = YES;
				GCC_WARN_UNINITIALIZED_AUTOS = YES_AGGRESSIVE;
				GCC_WARN_UNUSED_FUNCTION = YES;
				GCC_WARN_UNUSED_VARIABLE = YES;
				IPHONEOS_DEPLOYMENT_TARGET = 8.0;
				MTL_ENABLE_DEBUG_INFO = YES;
				ONLY_ACTIVE_ARCH = YES;
				SDKROOT = iphoneos;
			};
			name = Debug;
		};
		AB956E471F6AA9B100A8CB86 /* Release */ = {
			isa = XCBuildConfiguration;
			buildSettings = {
				ALWAYS_SEARCH_USER_PATHS = NO;
				CLANG_ANALYZER_LOCALIZABILITY_NONLOCALIZED = YES;
				CLANG_ANALYZER_NONNULL = YES;
				CLANG_ANALYZER_NUMBER_OBJECT_CONVERSION = YES_AGGRESSIVE;
				CLANG_CXX_LANGUAGE_STANDARD = "gnu++14";
				CLANG_CXX_LIBRARY = "libc++";
				CLANG_ENABLE_MODULES = YES;
				CLANG_ENABLE_OBJC_ARC = YES;
				CLANG_WARN_BLOCK_CAPTURE_AUTORELEASING = YES;
				CLANG_WARN_BOOL_CONVERSION = YES;
				CLANG_WARN_COMMA = YES;
				CLANG_WARN_CONSTANT_CONVERSION = YES;
				CLANG_WARN_DIRECT_OBJC_ISA_USAGE = YES_ERROR;
				CLANG_WARN_DOCUMENTATION_COMMENTS = YES;
				CLANG_WARN_EMPTY_BODY = YES;
				CLANG_WARN_ENUM_CONVERSION = YES;
				CLANG_WARN_INFINITE_RECURSION = YES;
				CLANG_WARN_INT_CONVERSION = YES;
				CLANG_WARN_NON_LITERAL_NULL_CONVERSION = YES;
				CLANG_WARN_OBJC_LITERAL_CONVERSION = YES;
				CLANG_WARN_OBJC_ROOT_CLASS = YES_ERROR;
				CLANG_WARN_RANGE_LOOP_ANALYSIS = YES;
				CLANG_WARN_STRICT_PROTOTYPES = YES;
				CLANG_WARN_SUSPICIOUS_MOVE = YES;
				CLANG_WARN_UNGUARDED_AVAILABILITY = YES_AGGRESSIVE;
				CLANG_WARN_UNREACHABLE_CODE = YES;
				CLANG_WARN__DUPLICATE_METHOD_MATCH = YES;
				CODE_SIGN_IDENTITY = "iPhone Developer";
				COPY_PHASE_STRIP = NO;
				DEBUG_INFORMATION_FORMAT = "dwarf-with-dsym";
				ENABLE_NS_ASSERTIONS = NO;
				ENABLE_STRICT_OBJC_MSGSEND = YES;
				GCC_C_LANGUAGE_STANDARD = gnu11;
				GCC_NO_COMMON_BLOCKS = YES;
				GCC_WARN_64_TO_32_BIT_CONVERSION = YES;
				GCC_WARN_ABOUT_RETURN_TYPE = YES_ERROR;
				GCC_WARN_UNDECLARED_SELECTOR = YES;
				GCC_WARN_UNINITIALIZED_AUTOS = YES_AGGRESSIVE;
				GCC_WARN_UNUSED_FUNCTION = YES;
				GCC_WARN_UNUSED_VARIABLE = YES;
				IPHONEOS_DEPLOYMENT_TARGET = 8.0;
				MTL_ENABLE_DEBUG_INFO = NO;
				SDKROOT = iphoneos;
				VALIDATE_PRODUCT = YES;
			};
			name = Release;
		};
		AB956E491F6AA9B100A8CB86 /* Debug */ = {
			isa = XCBuildConfiguration;
			buildSettings = {
				ASSETCATALOG_COMPILER_APPICON_NAME = AppIcon;
				"CODE_SIGN_IDENTITY[sdk=iphoneos*]" = "iPhone Developer";
				CODE_SIGN_STYLE = Automatic;
				DEVELOPMENT_TEAM = "";
				INFOPLIST_FILE = MyTasks/Info.plist;
				LD_RUNPATH_SEARCH_PATHS = "$(inherited) @executable_path/Frameworks";
				PRODUCT_BUNDLE_IDENTIFIER = com.stasparechyn.MyTasks;
				PRODUCT_NAME = "$(TARGET_NAME)";
				PROVISIONING_PROFILE_SPECIFIER = "";
				TARGETED_DEVICE_FAMILY = 1;
			};
			name = Debug;
		};
		AB956E4A1F6AA9B100A8CB86 /* Release */ = {
			isa = XCBuildConfiguration;
			buildSettings = {
				ASSETCATALOG_COMPILER_APPICON_NAME = AppIcon;
				"CODE_SIGN_IDENTITY[sdk=iphoneos*]" = "iPhone Developer";
				CODE_SIGN_STYLE = Automatic;
				DEVELOPMENT_TEAM = "";
				INFOPLIST_FILE = MyTasks/Info.plist;
				LD_RUNPATH_SEARCH_PATHS = "$(inherited) @executable_path/Frameworks";
				PRODUCT_BUNDLE_IDENTIFIER = com.stasparechyn.MyTasks;
				PRODUCT_NAME = "$(TARGET_NAME)";
				PROVISIONING_PROFILE_SPECIFIER = "";
				TARGETED_DEVICE_FAMILY = 1;
			};
			name = Release;
		};
/* End XCBuildConfiguration section */

/* Begin XCConfigurationList section */
		AB956E2A1F6AA9B100A8CB86 /* Build configuration list for PBXProject "MyTasks" */ = {
			isa = XCConfigurationList;
			buildConfigurations = (
				AB956E461F6AA9B100A8CB86 /* Debug */,
				AB956E471F6AA9B100A8CB86 /* Release */,
			);
			defaultConfigurationIsVisible = 0;
			defaultConfigurationName = Release;
		};
		AB956E481F6AA9B100A8CB86 /* Build configuration list for PBXNativeTarget "MyTasks" */ = {
			isa = XCConfigurationList;
			buildConfigurations = (
				AB956E491F6AA9B100A8CB86 /* Debug */,
				AB956E4A1F6AA9B100A8CB86 /* Release */,
			);
			defaultConfigurationIsVisible = 0;
			defaultConfigurationName = Release;
		};
/* End XCConfigurationList section */

/* Begin XCVersionGroup section */
		AB956E3B1F6AA9B100A8CB86 /* MyTasks.xcdatamodeld */ = {
			isa = XCVersionGroup;
			children = (
				AB956E3C1F6AA9B100A8CB86 /* MyTasks.xcdatamodel */,
			);
			currentVersion = AB956E3C1F6AA9B100A8CB86 /* MyTasks.xcdatamodel */;
			path = MyTasks.xcdatamodeld;
			sourceTree = "<group>";
			versionGroupType = wrapper.xcdatamodel;
		};
/* End XCVersionGroup section */
	};
	rootObject = AB956E271F6AA9B100A8CB86 /* Project object */;
}
